
Microsoft Visual Studio Solution File, Format Version 12.00
# Visual Studio Version 17
VisualStudioVersion = 17.9.34728.123
MinimumVisualStudioVersion = 10.0.40219.1
Project("{FAE04EC0-301F-11D3-BF4B-00C04F79EFBC}") = "tacocar", "tacocar\tacocar.csproj", "{E7742DF4-5605-4F3E-8F06-449F21B29EC9}"
EndProject
Global
	GlobalSection(SolutionConfigurationPlatforms) = preSolution
		Debug|Any CPU = Debug|Any CPU
		Release|Any CPU = Release|Any CPU
	EndGlobalSection
	GlobalSection(ProjectConfigurationPlatforms) = postSolution
		{E7742DF4-5605-4F3E-8F06-449F21B29EC9}.Debug|Any CPU.ActiveCfg = Debug|Any CPU
		{E7742DF4-5605-4F3E-8F06-449F21B29EC9}.Debug|Any CPU.Build.0 = Debug|Any CPU
		{E7742DF4-5605-4F3E-8F06-449F21B29EC9}.Release|Any CPU.ActiveCfg = Release|Any CPU
		{E7742DF4-5605-4F3E-8F06-449F21B29EC9}.Release|Any CPU.Build.0 = Release|Any CPU
	EndGlobalSection
	GlobalSection(SolutionProperties) = preSolution
		HideSolutionNode = FALSE
	EndGlobalSection
	GlobalSection(ExtensibilityGlobals) = postSolution
		SolutionGuid = {48589BE3-0A9E-46A8-B2CE-29EBA19AB420}
	EndGlobalSection
EndGlobal
